# This file is generated by running "yarn install" inside your project.
# Manual changes might be lost - proceed with caution!

__metadata:
  version: 8
  cacheKey: 10c0

"dotenv@npm:^16.1.4":
  version: 16.1.4
  resolution: "dotenv@npm:16.1.4"
  checksum: 10c0/47cf5ce136bf2a5e8402fc9855d95848973cfee423fe0adf1a7cd565c842c51e5b8c95889b075140c26b092b74dd2a319970ff496cd7159ab3f1fc58edfc0ede
  languageName: node
  linkType: hard

"ecosystem@workspace:.":
  version: 0.0.0-use.local
  resolution: "ecosystem@workspace:."
  dependencies:
    dotenv: "npm:^16.1.4"
  languageName: unknown
  linkType: soft
